
Microsoft Visual Studio Solution File, Format Version 12.00
# Visual Studio 2012
Project("{FAE04EC0-301F-11D3-BF4B-00C04F79EFBC}") = "ProductConfigurator.WebUI", "ProductConfigurator.WebUI\ProductConfigurator.WebUI.csproj", "{B843EEFC-3027-40A6-8421-1E8862722390}"
EndProject
Project("{FAE04EC0-301F-11D3-BF4B-00C04F79EFBC}") = "ProductConfigurator.WebUI.Tests", "ProductConfigurator.WebUI.Tests\ProductConfigurator.WebUI.Tests.csproj", "{3344D506-EAF6-4C8C-B706-AF63DEE2EE60}"
EndProject
Project("{FAE04EC0-301F-11D3-BF4B-00C04F79EFBC}") = "ProductConfigurator.Domain", "ProductConfigurator.Domain\ProductConfigurator.Domain.csproj", "{0DBC7B8E-CFA1-42F9-A8D9-14BE1A199BA6}"
EndProject
Project("{FAE04EC0-301F-11D3-BF4B-00C04F79EFBC}") = "ProductConfigurator.Services", "ProductConfigurator.Services\ProductConfigurator.Services.csproj", "{603FA931-4C1C-4C4D-A44E-DA574F8A9904}"
EndProject
Project("{FAE04EC0-301F-11D3-BF4B-00C04F79EFBC}") = "ProductConfigurator.Repository", "ProductConfigurator.Repository\ProductConfigurator.Repository.csproj", "{CD6BC857-6F07-49D2-AFF5-0C5537F476A8}"
EndProject
Global
	GlobalSection(SolutionConfigurationPlatforms) = preSolution
		Debug|Any CPU = Debug|Any CPU
		Release|Any CPU = Release|Any CPU
	EndGlobalSection
	GlobalSection(ProjectConfigurationPlatforms) = postSolution
		{B843EEFC-3027-40A6-8421-1E8862722390}.Debug|Any CPU.ActiveCfg = Debug|Any CPU
		{B843EEFC-3027-40A6-8421-1E8862722390}.Debug|Any CPU.Build.0 = Debug|Any CPU
		{B843EEFC-3027-40A6-8421-1E8862722390}.Release|Any CPU.ActiveCfg = Release|Any CPU
		{B843EEFC-3027-40A6-8421-1E8862722390}.Release|Any CPU.Build.0 = Release|Any CPU
		{3344D506-EAF6-4C8C-B706-AF63DEE2EE60}.Debug|Any CPU.ActiveCfg = Debug|Any CPU
		{3344D506-EAF6-4C8C-B706-AF63DEE2EE60}.Debug|Any CPU.Build.0 = Debug|Any CPU
		{3344D506-EAF6-4C8C-B706-AF63DEE2EE60}.Release|Any CPU.ActiveCfg = Release|Any CPU
		{3344D506-EAF6-4C8C-B706-AF63DEE2EE60}.Release|Any CPU.Build.0 = Release|Any CPU
		{0DBC7B8E-CFA1-42F9-A8D9-14BE1A199BA6}.Debug|Any CPU.ActiveCfg = Debug|Any CPU
		{0DBC7B8E-CFA1-42F9-A8D9-14BE1A199BA6}.Debug|Any CPU.Build.0 = Debug|Any CPU
		{0DBC7B8E-CFA1-42F9-A8D9-14BE1A199BA6}.Release|Any CPU.ActiveCfg = Release|Any CPU
		{0DBC7B8E-CFA1-42F9-A8D9-14BE1A199BA6}.Release|Any CPU.Build.0 = Release|Any CPU
		{603FA931-4C1C-4C4D-A44E-DA574F8A9904}.Debug|Any CPU.ActiveCfg = Debug|Any CPU
		{603FA931-4C1C-4C4D-A44E-DA574F8A9904}.Debug|Any CPU.Build.0 = Debug|Any CPU
		{603FA931-4C1C-4C4D-A44E-DA574F8A9904}.Release|Any CPU.ActiveCfg = Release|Any CPU
		{603FA931-4C1C-4C4D-A44E-DA574F8A9904}.Release|Any CPU.Build.0 = Release|Any CPU
		{CD6BC857-6F07-49D2-AFF5-0C5537F476A8}.Debug|Any CPU.ActiveCfg = Debug|Any CPU
		{CD6BC857-6F07-49D2-AFF5-0C5537F476A8}.Debug|Any CPU.Build.0 = Debug|Any CPU
		{CD6BC857-6F07-49D2-AFF5-0C5537F476A8}.Release|Any CPU.ActiveCfg = Release|Any CPU
		{CD6BC857-6F07-49D2-AFF5-0C5537F476A8}.Release|Any CPU.Build.0 = Release|Any CPU
	EndGlobalSection
	GlobalSection(SolutionProperties) = preSolution
		HideSolutionNode = FALSE
	EndGlobalSection
EndGlobal
